
Microsoft Visual Studio Solution File, Format Version 12.00
# Visual Studio Version 17
VisualStudioVersion = 17.8.34316.72
MinimumVisualStudioVersion = 10.0.40219.1
Project("{2150E333-8FDC-42A3-9474-1A3956D46DE8}") = "src", "src", "{AA008A97-4CF5-474B-9972-09CD02D0DA6A}"
EndProject
Project("{2150E333-8FDC-42A3-9474-1A3956D46DE8}") = "apiGateways", "apiGateways", "{0B8FCE12-A2FC-4935-A2EA-03494E4B32E5}"
EndProject
Project("{2150E333-8FDC-42A3-9474-1A3956D46DE8}") = "buildingBlocks", "buildingBlocks", "{FAC7BA3A-B35D-42DF-B077-A90ECAA01838}"
EndProject
Project("{2150E333-8FDC-42A3-9474-1A3956D46DE8}") = "services", "services", "{03D6FE76-B475-47B3-9A2E-1B6410829E49}"
EndProject
Project("{2150E333-8FDC-42A3-9474-1A3956D46DE8}") = "web_angular", "web_angular", "{E143856F-BC1D-4BF4-B66E-308AC8FCD5C8}"
EndProject
Project("{2150E333-8FDC-42A3-9474-1A3956D46DE8}") = "app", "app", "{9768229D-CF7A-4142-AAFC-43D509F2FAC1}"
EndProject
Project("{9A19103F-16F7-4668-BE54-9A1E7A4F7556}") = "app_", "src\app\app_\app_.csproj", "{55510729-01A2-489C-A4DB-042DCEB7D0AF}"
EndProject
Project("{9A19103F-16F7-4668-BE54-9A1E7A4F7556}") = "apiGatewaysUser", "src\apiGateways\apiGatewaysUser\apiGatewaysUser.csproj", "{D845CE7F-88C3-4FD7-B5F4-AF8AFD6783F7}"
EndProject
Project("{9A19103F-16F7-4668-BE54-9A1E7A4F7556}") = "buildingBlocksCore", "src\buildingBlocks\buildingBlocksCore\buildingBlocksCore.csproj", "{8BDEB5CC-A908-4984-B645-5B7571E790D1}"
EndProject
Project("{9A19103F-16F7-4668-BE54-9A1E7A4F7556}") = "buildingBlocksMessageBus", "buildingBlocksMessageBus\buildingBlocksMessageBus.csproj", "{750ED497-CE68-44A0-BB0D-99D55BD25A12}"
EndProject
Project("{9A19103F-16F7-4668-BE54-9A1E7A4F7556}") = "buildingBlocksServices", "buildingBlocksServices\buildingBlocksServices.csproj", "{D68709B0-1203-4040-B058-0CF5ACF1F3CF}"
EndProject
Project("{2150E333-8FDC-42A3-9474-1A3956D46DE8}") = "web_blazor", "web_blazor", "{A90B88FE-7413-44F4-8F63-B023C88838DE}"
EndProject
Project("{2150E333-8FDC-42A3-9474-1A3956D46DE8}") = "web_reactjs", "web_reactjs", "{6FE25B5C-7237-48AF-B619-9D033DD3C913}"
EndProject
Project("{9A19103F-16F7-4668-BE54-9A1E7A4F7556}") = "userApi", "src\services\userApi\userApi.csproj", "{8B855CBE-E72C-43E0-A529-0904CBD8C655}"
EndProject
Project("{9A19103F-16F7-4668-BE54-9A1E7A4F7556}") = "customerApi", "src\services\customerApi\customerApi.csproj", "{DCBEB726-E030-4737-9976-963CB6A2CCDF}"
EndProject
Project("{9A19103F-16F7-4668-BE54-9A1E7A4F7556}") = "orderApi", "src\services\orderApi\orderApi.csproj", "{6D0DC2F5-35B3-4CEB-BA42-1067EC08941B}"
EndProject
Project("{9A19103F-16F7-4668-BE54-9A1E7A4F7556}") = "invoicesApi", "src\services\invoicesApi\invoicesApi.csproj", "{073929C9-63F3-4403-A64E-D5FFE8684A6E}"
EndProject
Project("{9A19103F-16F7-4668-BE54-9A1E7A4F7556}") = "supplierApi", "src\services\supplierApi\supplierApi.csproj", "{511E0411-56F5-4B2E-82FE-9AF93F096E49}"
EndProject
Project("{FAE04EC0-301F-11D3-BF4B-00C04F79EFBC}") = "apiGatewayRegister", "src\apiGateways\apiGatewaysUser\apiGatewayRegister\apiGatewayRegister.csproj", "{67778BDC-D4A9-469A-A07C-56085CCAE3B1}"
EndProject
Project("{FAE04EC0-301F-11D3-BF4B-00C04F79EFBC}") = "productApi", "src\services\productApi\productApi.csproj", "{5CE471EF-BAED-426B-9B69-FD79C5A30494}"
EndProject
Global
	GlobalSection(SolutionConfigurationPlatforms) = preSolution
		Debug|Any CPU = Debug|Any CPU
		Release|Any CPU = Release|Any CPU
	EndGlobalSection
	GlobalSection(ProjectConfigurationPlatforms) = postSolution
		{55510729-01A2-489C-A4DB-042DCEB7D0AF}.Debug|Any CPU.ActiveCfg = Debug|Any CPU
		{55510729-01A2-489C-A4DB-042DCEB7D0AF}.Debug|Any CPU.Build.0 = Debug|Any CPU
		{55510729-01A2-489C-A4DB-042DCEB7D0AF}.Debug|Any CPU.Deploy.0 = Debug|Any CPU
		{55510729-01A2-489C-A4DB-042DCEB7D0AF}.Release|Any CPU.ActiveCfg = Release|Any CPU
		{55510729-01A2-489C-A4DB-042DCEB7D0AF}.Release|Any CPU.Build.0 = Release|Any CPU
		{55510729-01A2-489C-A4DB-042DCEB7D0AF}.Release|Any CPU.Deploy.0 = Release|Any CPU
		{D845CE7F-88C3-4FD7-B5F4-AF8AFD6783F7}.Debug|Any CPU.ActiveCfg = Debug|Any CPU
		{D845CE7F-88C3-4FD7-B5F4-AF8AFD6783F7}.Debug|Any CPU.Build.0 = Debug|Any CPU
		{D845CE7F-88C3-4FD7-B5F4-AF8AFD6783F7}.Release|Any CPU.ActiveCfg = Release|Any CPU
		{D845CE7F-88C3-4FD7-B5F4-AF8AFD6783F7}.Release|Any CPU.Build.0 = Release|Any CPU
		{8BDEB5CC-A908-4984-B645-5B7571E790D1}.Debug|Any CPU.ActiveCfg = Debug|Any CPU
		{8BDEB5CC-A908-4984-B645-5B7571E790D1}.Debug|Any CPU.Build.0 = Debug|Any CPU
		{8BDEB5CC-A908-4984-B645-5B7571E790D1}.Release|Any CPU.ActiveCfg = Release|Any CPU
		{8BDEB5CC-A908-4984-B645-5B7571E790D1}.Release|Any CPU.Build.0 = Release|Any CPU
		{750ED497-CE68-44A0-BB0D-99D55BD25A12}.Debug|Any CPU.ActiveCfg = Debug|Any CPU
		{750ED497-CE68-44A0-BB0D-99D55BD25A12}.Debug|Any CPU.Build.0 = Debug|Any CPU
		{750ED497-CE68-44A0-BB0D-99D55BD25A12}.Release|Any CPU.ActiveCfg = Release|Any CPU
		{750ED497-CE68-44A0-BB0D-99D55BD25A12}.Release|Any CPU.Build.0 = Release|Any CPU
		{D68709B0-1203-4040-B058-0CF5ACF1F3CF}.Debug|Any CPU.ActiveCfg = Debug|Any CPU
		{D68709B0-1203-4040-B058-0CF5ACF1F3CF}.Debug|Any CPU.Build.0 = Debug|Any CPU
		{D68709B0-1203-4040-B058-0CF5ACF1F3CF}.Release|Any CPU.ActiveCfg = Release|Any CPU
		{D68709B0-1203-4040-B058-0CF5ACF1F3CF}.Release|Any CPU.Build.0 = Release|Any CPU
		{8B855CBE-E72C-43E0-A529-0904CBD8C655}.Debug|Any CPU.ActiveCfg = Debug|Any CPU
		{8B855CBE-E72C-43E0-A529-0904CBD8C655}.Debug|Any CPU.Build.0 = Debug|Any CPU
		{8B855CBE-E72C-43E0-A529-0904CBD8C655}.Release|Any CPU.ActiveCfg = Release|Any CPU
		{8B855CBE-E72C-43E0-A529-0904CBD8C655}.Release|Any CPU.Build.0 = Release|Any CPU
		{DCBEB726-E030-4737-9976-963CB6A2CCDF}.Debug|Any CPU.ActiveCfg = Debug|Any CPU
		{DCBEB726-E030-4737-9976-963CB6A2CCDF}.Debug|Any CPU.Build.0 = Debug|Any CPU
		{DCBEB726-E030-4737-9976-963CB6A2CCDF}.Release|Any CPU.ActiveCfg = Release|Any CPU
		{DCBEB726-E030-4737-9976-963CB6A2CCDF}.Release|Any CPU.Build.0 = Release|Any CPU
		{6D0DC2F5-35B3-4CEB-BA42-1067EC08941B}.Debug|Any CPU.ActiveCfg = Debug|Any CPU
		{6D0DC2F5-35B3-4CEB-BA42-1067EC08941B}.Debug|Any CPU.Build.0 = Debug|Any CPU
		{6D0DC2F5-35B3-4CEB-BA42-1067EC08941B}.Release|Any CPU.ActiveCfg = Release|Any CPU
		{6D0DC2F5-35B3-4CEB-BA42-1067EC08941B}.Release|Any CPU.Build.0 = Release|Any CPU
		{073929C9-63F3-4403-A64E-D5FFE8684A6E}.Debug|Any CPU.ActiveCfg = Debug|Any CPU
		{073929C9-63F3-4403-A64E-D5FFE8684A6E}.Debug|Any CPU.Build.0 = Debug|Any CPU
		{073929C9-63F3-4403-A64E-D5FFE8684A6E}.Release|Any CPU.ActiveCfg = Release|Any CPU
		{073929C9-63F3-4403-A64E-D5FFE8684A6E}.Release|Any CPU.Build.0 = Release|Any CPU
		{511E0411-56F5-4B2E-82FE-9AF93F096E49}.Debug|Any CPU.ActiveCfg = Debug|Any CPU
		{511E0411-56F5-4B2E-82FE-9AF93F096E49}.Debug|Any CPU.Build.0 = Debug|Any CPU
		{511E0411-56F5-4B2E-82FE-9AF93F096E49}.Release|Any CPU.ActiveCfg = Release|Any CPU
		{511E0411-56F5-4B2E-82FE-9AF93F096E49}.Release|Any CPU.Build.0 = Release|Any CPU
		{67778BDC-D4A9-469A-A07C-56085CCAE3B1}.Debug|Any CPU.ActiveCfg = Debug|Any CPU
		{67778BDC-D4A9-469A-A07C-56085CCAE3B1}.Debug|Any CPU.Build.0 = Debug|Any CPU
		{67778BDC-D4A9-469A-A07C-56085CCAE3B1}.Release|Any CPU.ActiveCfg = Release|Any CPU
		{67778BDC-D4A9-469A-A07C-56085CCAE3B1}.Release|Any CPU.Build.0 = Release|Any CPU
		{5CE471EF-BAED-426B-9B69-FD79C5A30494}.Debug|Any CPU.ActiveCfg = Debug|Any CPU
		{5CE471EF-BAED-426B-9B69-FD79C5A30494}.Debug|Any CPU.Build.0 = Debug|Any CPU
		{5CE471EF-BAED-426B-9B69-FD79C5A30494}.Release|Any CPU.ActiveCfg = Release|Any CPU
		{5CE471EF-BAED-426B-9B69-FD79C5A30494}.Release|Any CPU.Build.0 = Release|Any CPU
	EndGlobalSection
	GlobalSection(SolutionProperties) = preSolution
		HideSolutionNode = FALSE
	EndGlobalSection
	GlobalSection(NestedProjects) = preSolution
		{0B8FCE12-A2FC-4935-A2EA-03494E4B32E5} = {AA008A97-4CF5-474B-9972-09CD02D0DA6A}
		{FAC7BA3A-B35D-42DF-B077-A90ECAA01838} = {AA008A97-4CF5-474B-9972-09CD02D0DA6A}
		{03D6FE76-B475-47B3-9A2E-1B6410829E49} = {AA008A97-4CF5-474B-9972-09CD02D0DA6A}
		{E143856F-BC1D-4BF4-B66E-308AC8FCD5C8} = {AA008A97-4CF5-474B-9972-09CD02D0DA6A}
		{9768229D-CF7A-4142-AAFC-43D509F2FAC1} = {AA008A97-4CF5-474B-9972-09CD02D0DA6A}
		{55510729-01A2-489C-A4DB-042DCEB7D0AF} = {9768229D-CF7A-4142-AAFC-43D509F2FAC1}
		{D845CE7F-88C3-4FD7-B5F4-AF8AFD6783F7} = {0B8FCE12-A2FC-4935-A2EA-03494E4B32E5}
		{8BDEB5CC-A908-4984-B645-5B7571E790D1} = {FAC7BA3A-B35D-42DF-B077-A90ECAA01838}
		{750ED497-CE68-44A0-BB0D-99D55BD25A12} = {FAC7BA3A-B35D-42DF-B077-A90ECAA01838}
		{D68709B0-1203-4040-B058-0CF5ACF1F3CF} = {FAC7BA3A-B35D-42DF-B077-A90ECAA01838}
		{A90B88FE-7413-44F4-8F63-B023C88838DE} = {AA008A97-4CF5-474B-9972-09CD02D0DA6A}
		{6FE25B5C-7237-48AF-B619-9D033DD3C913} = {AA008A97-4CF5-474B-9972-09CD02D0DA6A}
		{8B855CBE-E72C-43E0-A529-0904CBD8C655} = {03D6FE76-B475-47B3-9A2E-1B6410829E49}
		{DCBEB726-E030-4737-9976-963CB6A2CCDF} = {03D6FE76-B475-47B3-9A2E-1B6410829E49}
		{6D0DC2F5-35B3-4CEB-BA42-1067EC08941B} = {03D6FE76-B475-47B3-9A2E-1B6410829E49}
		{073929C9-63F3-4403-A64E-D5FFE8684A6E} = {03D6FE76-B475-47B3-9A2E-1B6410829E49}
		{511E0411-56F5-4B2E-82FE-9AF93F096E49} = {03D6FE76-B475-47B3-9A2E-1B6410829E49}
		{67778BDC-D4A9-469A-A07C-56085CCAE3B1} = {0B8FCE12-A2FC-4935-A2EA-03494E4B32E5}
		{5CE471EF-BAED-426B-9B69-FD79C5A30494} = {03D6FE76-B475-47B3-9A2E-1B6410829E49}
	EndGlobalSection
	GlobalSection(ExtensibilityGlobals) = postSolution
		SolutionGuid = {03F9BC10-E55A-471A-BE0A-B7BD2F613E1C}
	EndGlobalSection
EndGlobal
